
Microsoft Visual Studio Solution File, Format Version 12.00
# Visual Studio Version 17
VisualStudioVersion = 17.7.34024.191
MinimumVisualStudioVersion = 10.0.40219.1
Project("{FAE04EC0-301F-11D3-BF4B-00C04F79EFBC}") = "C# Program to generate Fibonacci Triangle", "C# Program to generate Fibonacci Triangle\C# Program to generate Fibonacci Triangle.csproj", "{D394A72B-03E4-46DF-849A-10D031310864}"
EndProject
Global
	GlobalSection(SolutionConfigurationPlatforms) = preSolution
		Debug|Any CPU = Debug|Any CPU
		Release|Any CPU = Release|Any CPU
	EndGlobalSection
	GlobalSection(ProjectConfigurationPlatforms) = postSolution
		{D394A72B-03E4-46DF-849A-10D031310864}.Debug|Any CPU.ActiveCfg = Debug|Any CPU
		{D394A72B-03E4-46DF-849A-10D031310864}.Debug|Any CPU.Build.0 = Debug|Any CPU
		{D394A72B-03E4-46DF-849A-10D031310864}.Release|Any CPU.ActiveCfg = Release|Any CPU
		{D394A72B-03E4-46DF-849A-10D031310864}.Release|Any CPU.Build.0 = Release|Any CPU
	EndGlobalSection
	GlobalSection(SolutionProperties) = preSolution
		HideSolutionNode = FALSE
	EndGlobalSection
	GlobalSection(ExtensibilityGlobals) = postSolution
		SolutionGuid = {00D744A9-825D-4F7F-8660-92343CBB3991}
	EndGlobalSection
EndGlobal
